// !$*UTF8*$!
{
	archiveVersion = 1;
	classes = {
	};
	objectVersion = 55;
	objects = {

/* Begin PBXBuildFile section */
		71B373F82714B1160072156F /* AppDelegate.swift in Sources */ = {isa = PBXBuildFile; fileRef = 71B373F72714B1160072156F /* AppDelegate.swift */; };
		71B373FA2714B1160072156F /* SceneDelegate.swift in Sources */ = {isa = PBXBuildFile; fileRef = 71B373F92714B1160072156F /* SceneDelegate.swift */; };
		71B373FC2714B1160072156F /* ViewController.swift in Sources */ = {isa = PBXBuildFile; fileRef = 71B373FB2714B1160072156F /* ViewController.swift */; };
		71B373FF2714B1160072156F /* Main.storyboard in Resources */ = {isa = PBXBuildFile; fileRef = 71B373FD2714B1160072156F /* Main.storyboard */; };
		71B374012714B1180072156F /* Assets.xcassets in Resources */ = {isa = PBXBuildFile; fileRef = 71B374002714B1180072156F /* Assets.xcassets */; };
		71B374042714B1180072156F /* LaunchScreen.storyboard in Resources */ = {isa = PBXBuildFile; fileRef = 71B374022714B1180072156F /* LaunchScreen.storyboard */; };
		71F11BD927162DF000828E3C /* botaogerar-pressionado.png in Resources */ = {isa = PBXBuildFile; fileRef = 71F11BD827162DF000828E3C /* botaogerar-pressionado.png */; };
		71F11BDB27162E0200828E3C /* botaogerar.png in Resources */ = {isa = PBXBuildFile; fileRef = 71F11BDA27162E0200828E3C /* botaogerar.png */; };
		71F11BDD27162E0800828E3C /* logo.png in Resources */ = {isa = PBXBuildFile; fileRef = 71F11BDC27162E0800828E3C /* logo.png */; };
/* End PBXBuildFile section */

/* Begin PBXFileReference section */
		71B373F42714B1160072156F /* second-NumeroDaSorte.app */ = {isa = PBXFileReference; explicitFileType = wrapper.application; includeInIndex = 0; path = "second-NumeroDaSorte.app"; sourceTree = BUILT_PRODUCTS_DIR; };
		71B373F72714B1160072156F /* AppDelegate.swift */ = {isa = PBXFileReference; lastKnownFileType = sourcecode.swift; path = AppDelegate.swift; sourceTree = "<group>"; };
		71B373F92714B1160072156F /* SceneDelegate.swift */ = {isa = PBXFileReference; lastKnownFileType = sourcecode.swift; path = SceneDelegate.swift; sourceTree = "<group>"; };
		71B373FB2714B1160072156F /* ViewController.swift */ = {isa = PBXFileReference; lastKnownFileType = sourcecode.swift; path = ViewController.swift; sourceTree = "<group>"; };
		71B373FE2714B1160072156F /* Base */ = {isa = PBXFileReference; lastKnownFileType = file.storyboard; name = Base; path = Base.lproj/Main.storyboard; sourceTree = "<group>"; };
		71B374002714B1180072156F /* Assets.xcassets */ = {isa = PBXFileReference; lastKnownFileType = folder.assetcatalog; path = Assets.xcassets; sourceTree = "<group>"; };
		71B374032714B1180072156F /* Base */ = {isa = PBXFileReference; lastKnownFileType = file.storyboard; name = Base; path = Base.lproj/LaunchScreen.storyboard; sourceTree = "<group>"; };
		71B374052714B1180072156F /* Info.plist */ = {isa = PBXFileReference; lastKnownFileType = text.plist.xml; path = Info.plist; sourceTree = "<group>"; };
		71F11BD827162DF000828E3C /* botaogerar-pressionado.png */ = {isa = PBXFileReference; lastKnownFileType = image.png; path = "botaogerar-pressionado.png"; sourceTree = "<group>"; };
		71F11BDA27162E0200828E3C /* botaogerar.png */ = {isa = PBXFileReference; lastKnownFileType = image.png; path = botaogerar.png; sourceTree = "<group>"; };
		71F11BDC27162E0800828E3C /* logo.png */ = {isa = PBXFileReference; lastKnownFileType = image.png; path = logo.png; sourceTree = "<group>"; };
/* End PBXFileReference section */

/* Begin PBXFrameworksBuildPhase section */
		71B373F12714B1160072156F /* Frameworks */ = {
			isa = PBXFrameworksBuildPhase;
			buildActionMask = 2147483647;
			files = (
			);
			runOnlyForDeploymentPostprocessing = 0;
		};
/* End PBXFrameworksBuildPhase section */

/* Begin PBXGroup section */
		71B373EB2714B1160072156F = {
			isa = PBXGroup;
			children = (
				71B373F62714B1160072156F /* second-NumeroDaSorte */,
				71B373F52714B1160072156F /* Products */,
			);
			sourceTree = "<group>";
		};
		71B373F52714B1160072156F /* Products */ = {
			isa = PBXGroup;
			children = (
				71B373F42714B1160072156F /* second-NumeroDaSorte.app */,
			);
			name = Products;
			sourceTree = "<group>";
		};
		71B373F62714B1160072156F /* second-NumeroDaSorte */ = {
			isa = PBXGroup;
			children = (
				71F11BDC27162E0800828E3C /* logo.png */,
				71F11BD827162DF000828E3C /* botaogerar-pressionado.png */,
				71F11BDA27162E0200828E3C /* botaogerar.png */,
				71B373F72714B1160072156F /* AppDelegate.swift */,
				71B373F92714B1160072156F /* SceneDelegate.swift */,
				71B373FB2714B1160072156F /* ViewController.swift */,
				71B373FD2714B1160072156F /* Main.storyboard */,
				71B374002714B1180072156F /* Assets.xcassets */,
				71B374022714B1180072156F /* LaunchScreen.storyboard */,
				71B374052714B1180072156F /* Info.plist */,
			);
			path = "second-NumeroDaSorte";
			sourceTree = "<group>";
		};
/* End PBXGroup section */

/* Begin PBXNativeTarget section */
		71B373F32714B1160072156F /* second-NumeroDaSorte */ = {
			isa = PBXNativeTarget;
			buildConfigurationList = 71B374082714B1180072156F /* Build configuration list for PBXNativeTarget "second-NumeroDaSorte" */;
			buildPhases = (
				71B373F02714B1160072156F /* Sources */,
				71B373F12714B1160072156F /* Frameworks */,
				71B373F22714B1160072156F /* Resources */,
			);
			buildRules = (
			);
			dependencies = (
			);
			name = "second-NumeroDaSorte";
			productName = "second-NumeroDaSorte";
			productReference = 71B373F42714B1160072156F /* second-NumeroDaSorte.app */;
			productType = "com.apple.product-type.application";
		};
/* End PBXNativeTarget section */

/* Begin PBXProject section */
		71B373EC2714B1160072156F /* Project object */ = {
			isa = PBXProject;
			attributes = {
				BuildIndependentTargetsInParallel = 1;
				LastSwiftUpdateCheck = 1300;
				LastUpgradeCheck = 1300;
				TargetAttributes = {
					71B373F32714B1160072156F = {
						CreatedOnToolsVersion = 13.0;
					};
				};
			};
			buildConfigurationList = 71B373EF2714B1160072156F /* Build configuration list for PBXProject "second-NumeroDaSorte" */;
			compatibilityVersion = "Xcode 13.0";
			developmentRegion = en;
			hasScannedForEncodings = 0;
			knownRegions = (
				en,
				Base,
			);
			mainGroup = 71B373EB2714B1160072156F;
			productRefGroup = 71B373F52714B1160072156F /* Products */;
			projectDirPath = "";
			projectRoot = "";
			targets = (
				71B373F32714B1160072156F /* second-NumeroDaSorte */,
			);
		};
/* End PBXProject section */

/* Begin PBXResourcesBuildPhase section */
		71B373F22714B1160072156F /* Resources */ = {
			isa = PBXResourcesBuildPhase;
			buildActionMask = 2147483647;
			files = (
				71B374042714B1180072156F /* LaunchScreen.storyboard in Resources */,
				71B374012714B1180072156F /* Assets.xcassets in Resources */,
				71F11BDD27162E0800828E3C /* logo.png in Resources */,
				71F11BDB27162E0200828E3C /* botaogerar.png in Resources */,
				71B373FF2714B1160072156F /* Main.storyboard in Resources */,
				71F11BD927162DF000828E3C /* botaogerar-pressionado.png in Resources */,
			);
			runOnlyForDeploymentPostprocessing = 0;
		};
/* End PBXResourcesBuildPhase section */

/* Begin PBXSourcesBuildPhase section */
		71B373F02714B1160072156F /* Sources */ = {
			isa = PBXSourcesBuildPhase;
			buildActionMask = 2147483647;
			files = (
				71B373FC2714B1160072156F /* ViewController.swift in Sources */,
				71B373F82714B1160072156F /* AppDelegate.swift in Sources */,
				71B373FA2714B1160072156F /* SceneDelegate.swift in Sources */,
			);
			runOnlyForDeploymentPostprocessing = 0;
		};
/* End PBXSourcesBuildPhase section */

/* Begin PBXVariantGroup section */
		71B373FD2714B1160072156F /* Main.storyboard */ = {
			isa = PBXVariantGroup;
			children = (
				71B373FE2714B1160072156F /* Base */,
			);
			name = Main.storyboard;
			sourceTree = "<group>";
		};
		71B374022714B1180072156F /* LaunchScreen.storyboard */ = {
			isa = PBXVariantGroup;
			children = (
				71B374032714B1180072156F /* Base */,
			);
			name = LaunchScreen.storyboard;
			sourceTree = "<group>";
		};
/* End PBXVariantGroup section */

/* Begin XCBuildConfiguration section */
		71B374062714B1180072156F /* Debug */ = {
			isa = XCBuildConfiguration;
			buildSettings = {
				ALWAYS_SEARCH_USER_PATHS = NO;
				CLANG_ANALYZER_NONNULL = YES;
				CLANG_ANALYZER_NUMBER_OBJECT_CONVERSION = YES_AGGRESSIVE;
				CLANG_CXX_LANGUAGE_STANDARD = "gnu++17";
				CLANG_CXX_LIBRARY = "libc++";
				CLANG_ENABLE_MODULES = YES;
				CLANG_ENABLE_OBJC_ARC = YES;
				CLANG_ENABLE_OBJC_WEAK = YES;
				CLANG_WARN_BLOCK_CAPTURE_AUTORELEASING = YES;
				CLANG_WARN_BOOL_CONVERSION = YES;
				CLANG_WARN_COMMA = YES;
				CLANG_WARN_CONSTANT_CONVERSION = YES;
				CLANG_WARN_DEPRECATED_OBJC_IMPLEMENTATIONS = YES;
				CLANG_WARN_DIRECT_OBJC_ISA_USAGE = YES_ERROR;
				CLANG_WARN_DOCUMENTATION_COMMENTS = YES;
				CLANG_WARN_EMPTY_BODY = YES;
				CLANG_WARN_ENUM_CONVERSION = YES;
				CLANG_WARN_INFINITE_RECURSION = YES;
				CLANG_WARN_INT_CONVERSION = YES;
				CLANG_WARN_NON_LITERAL_NULL_CONVERSION = YES;
				CLANG_WARN_OBJC_IMPLICIT_RETAIN_SELF = YES;
				CLANG_WARN_OBJC_LITERAL_CONVERSION = YES;
				CLANG_WARN_OBJC_ROOT_CLASS = YES_ERROR;
				CLANG_WARN_QUOTED_INCLUDE_IN_FRAMEWORK_HEADER = YES;
				CLANG_WARN_RANGE_LOOP_ANALYSIS = YES;
				CLANG_WARN_STRICT_PROTOTYPES = YES;
				CLANG_WARN_SUSPICIOUS_MOVE = YES;
				CLANG_WARN_UNGUARDED_AVAILABILITY = YES_AGGRESSIVE;
				CLANG_WARN_UNREACHABLE_CODE = YES;
				CLANG_WARN__DUPLICATE_METHOD_MATCH = YES;
				COPY_PHASE_STRIP = NO;
				DEBUG_INFORMATION_FORMAT = dwarf;
				ENABLE_STRICT_OBJC_MSGSEND = YES;
				ENABLE_TESTABILITY = YES;
				GCC_C_LANGUAGE_STANDARD = gnu11;
				GCC_DYNAMIC_NO_PIC = NO;
				GCC_NO_COMMON_BLOCKS = YES;
				GCC_OPTIMIZATION_LEVEL = 0;
				GCC_PREPROCESSOR_DEFINITIONS = (
					"DEBUG=1",
					"$(inherited)",
				);
				GCC_WARN_64_TO_32_BIT_CONVERSION = YES;
				GCC_WARN_ABOUT_RETURN_TYPE = YES_ERROR;
				GCC_WARN_UNDECLARED_SELECTOR = YES;
				GCC_WARN_UNINITIALIZED_AUTOS = YES_AGGRESSIVE;
				GCC_WARN_UNUSED_FUNCTION = YES;
				GCC_WARN_UNUSED_VARIABLE = YES;
				IPHONEOS_DEPLOYMENT_TARGET = 15.0;
				MTL_ENABLE_DEBUG_INFO = INCLUDE_SOURCE;
				MTL_FAST_MATH = YES;
				ONLY_ACTIVE_ARCH = YES;
				SDKROOT = iphoneos;
				SWIFT_ACTIVE_COMPILATION_CONDITIONS = DEBUG;
				SWIFT_OPTIMIZATION_LEVEL = "-Onone";
			};
			name = Debug;
		};
		71B374072714B1180072156F /* Release */ = {
			isa = XCBuildConfiguration;
			buildSettings = {
				ALWAYS_SEARCH_USER_PATHS = NO;
				CLANG_ANALYZER_NONNULL = YES;
				CLANG_ANALYZER_NUMBER_OBJECT_CONVERSION = YES_AGGRESSIVE;
				CLANG_CXX_LANGUAGE_STANDARD = "gnu++17";
				CLANG_CXX_LIBRARY = "libc++";
				CLANG_ENABLE_MODULES = YES;
				CLANG_ENABLE_OBJC_ARC = YES;
				CLANG_ENABLE_OBJC_WEAK = YES;
				CLANG_WARN_BLOCK_CAPTURE_AUTORELEASING = YES;
				CLANG_WARN_BOOL_CONVERSION = YES;
				CLANG_WARN_COMMA = YES;
				CLANG_WARN_CONSTANT_CONVERSION = YES;
				CLANG_WARN_DEPRECATED_OBJC_IMPLEMENTATIONS = YES;
				CLANG_WARN_DIRECT_OBJC_ISA_USAGE = YES_ERROR;
				CLANG_WARN_DOCUMENTATION_COMMENTS = YES;
				CLANG_WARN_EMPTY_BODY = YES;
				CLANG_WARN_ENUM_CONVERSION = YES;
				CLANG_WARN_INFINITE_RECURSION = YES;
				CLANG_WARN_INT_CONVERSION = YES;
				CLANG_WARN_NON_LITERAL_NULL_CONVERSION = YES;
				CLANG_WARN_OBJC_IMPLICIT_RETAIN_SELF = YES;
				CLANG_WARN_OBJC_LITERAL_CONVERSION = YES;
				CLANG_WARN_OBJC_ROOT_CLASS = YES_ERROR;
				CLANG_WARN_QUOTED_INCLUDE_IN_FRAMEWORK_HEADER = YES;
				CLANG_WARN_RANGE_LOOP_ANALYSIS = YES;
				CLANG_WARN_STRICT_PROTOTYPES = YES;
				CLANG_WARN_SUSPICIOUS_MOVE = YES;
				CLANG_WARN_UNGUARDED_AVAILABILITY = YES_AGGRESSIVE;
				CLANG_WARN_UNREACHABLE_CODE = YES;
				CLANG_WARN__DUPLICATE_METHOD_MATCH = YES;
				COPY_PHASE_STRIP = NO;
				DEBUG_INFORMATION_FORMAT = "dwarf-with-dsym";
				ENABLE_NS_ASSERTIONS = NO;
				ENABLE_STRICT_OBJC_MSGSEND = YES;
				GCC_C_LANGUAGE_STANDARD = gnu11;
				GCC_NO_COMMON_BLOCKS = YES;
				GCC_WARN_64_TO_32_BIT_CONVERSION = YES;
				GCC_WARN_ABOUT_RETURN_TYPE = YES_ERROR;
				GCC_WARN_UNDECLARED_SELECTOR = YES;
				GCC_WARN_UNINITIALIZED_AUTOS = YES_AGGRESSIVE;
				GCC_WARN_UNUSED_FUNCTION = YES;
				GCC_WARN_UNUSED_VARIABLE = YES;
				IPHONEOS_DEPLOYMENT_TARGET = 15.0;
				MTL_ENABLE_DEBUG_INFO = NO;
				MTL_FAST_MATH = YES;
				SDKROOT = iphoneos;
				SWIFT_COMPILATION_MODE = wholemodule;
				SWIFT_OPTIMIZATION_LEVEL = "-O";
				VALIDATE_PRODUCT = YES;
			};
			name = Release;
		};
		71B374092714B1180072156F /* Debug */ = {
			isa = XCBuildConfiguration;
			buildSettings = {
				ASSETCATALOG_COMPILER_APPICON_NAME = AppIcon;
				ASSETCATALOG_COMPILER_GLOBAL_ACCENT_COLOR_NAME = AccentColor;
				CODE_SIGN_STYLE = Automatic;
				CURRENT_PROJECT_VERSION = 1;
				GENERATE_INFOPLIST_FILE = YES;
				INFOPLIST_FILE = "second-NumeroDaSorte/Info.plist";
				INFOPLIST_KEY_UIApplicationSupportsIndirectInputEvents = YES;
				INFOPLIST_KEY_UILaunchStoryboardName = LaunchScreen;
				INFOPLIST_KEY_UIMainStoryboardFile = Main;
				INFOPLIST_KEY_UISupportedInterfaceOrientations_iPad = "UIInterfaceOrientationPortrait UIInterfaceOrientationPortraitUpsideDown UIInterfaceOrientationLandscapeLeft UIInterfaceOrientationLandscapeRight";
				INFOPLIST_KEY_UISupportedInterfaceOrientations_iPhone = "UIInterfaceOrientationPortrait UIInterfaceOrientationLandscapeLeft UIInterfaceOrientationLandscapeRight";
				LD_RUNPATH_SEARCH_PATHS = (
					"$(inherited)",
					"@executable_path/Frameworks",
				);
				MARKETING_VERSION = 1.0;
				PRODUCT_BUNDLE_IDENTIFIER = "br.com.second-NumeroDaSorte";
				PRODUCT_NAME = "$(TARGET_NAME)";
				SWIFT_EMIT_LOC_STRINGS = YES;
				SWIFT_VERSION = 5.0;
				TARGETED_DEVICE_FAMILY = "1,2";
			};
			name = Debug;
		};
		71B3740A2714B1180072156F /* Release */ = {
			isa = XCBuildConfiguration;
			buildSettings = {
				ASSETCATALOG_COMPILER_APPICON_NAME = AppIcon;
				ASSETCATALOG_COMPILER_GLOBAL_ACCENT_COLOR_NAME = AccentColor;
				CODE_SIGN_STYLE = Automatic;
				CURRENT_PROJECT_VERSION = 1;
				GENERATE_INFOPLIST_FILE = YES;
				INFOPLIST_FILE = "second-NumeroDaSorte/Info.plist";
				INFOPLIST_KEY_UIApplicationSupportsIndirectInputEvents = YES;
				INFOPLIST_KEY_UILaunchStoryboardName = LaunchScreen;
				INFOPLIST_KEY_UIMainStoryboardFile = Main;
				INFOPLIST_KEY_UISupportedInterfaceOrientations_iPad = "UIInterfaceOrientationPortrait UIInterfaceOrientationPortraitUpsideDown UIInterfaceOrientationLandscapeLeft UIInterfaceOrientationLandscapeRight";
				INFOPLIST_KEY_UISupportedInterfaceOrientations_iPhone = "UIInterfaceOrientationPortrait UIInterfaceOrientationLandscapeLeft UIInterfaceOrientationLandscapeRight";
				LD_RUNPATH_SEARCH_PATHS = (
					"$(inherited)",
					"@executable_path/Frameworks",
				);
				MARKETING_VERSION = 1.0;
				PRODUCT_BUNDLE_IDENTIFIER = "br.com.second-NumeroDaSorte";
				PRODUCT_NAME = "$(TARGET_NAME)";
				SWIFT_EMIT_LOC_STRINGS = YES;
				SWIFT_VERSION = 5.0;
				TARGETED_DEVICE_FAMILY = "1,2";
			};
			name = Release;
		};
/* End XCBuildConfiguration section */

/* Begin XCConfigurationList section */
		71B373EF2714B1160072156F /* Build configuration list for PBXProject "second-NumeroDaSorte" */ = {
			isa = XCConfigurationList;
			buildConfigurations = (
				71B374062714B1180072156F /* Debug */,
				71B374072714B1180072156F /* Release */,
			);
			defaultConfigurationIsVisible = 0;
			defaultConfigurationName = Release;
		};
		71B374082714B1180072156F /* Build configuration list for PBXNativeTarget "second-NumeroDaSorte" */ = {
			isa = XCConfigurationList;
			buildConfigurations = (
				71B374092714B1180072156F /* Debug */,
				71B3740A2714B1180072156F /* Release */,
			);
			defaultConfigurationIsVisible = 0;
			defaultConfigurationName = Release;
		};
/* End XCConfigurationList section */
	};
	rootObject = 71B373EC2714B1160072156F /* Project object */;
}
